schema: '2.0'
stages:
  split:
    cmd: python src/split.py
    deps:
    - path: data/cleaned_dataset.csv
      hash: md5
      md5: 4a112f20bb9342a46ddd70b15a33d1b7
      size: 14646
    - path: src/split.py
      hash: md5
      md5: 0739f2748671f44149525d51f34c4d72
      size: 551
    outs:
    - path: temp_data/X_test.csv
      hash: md5
      md5: 1a61946cb7b9721a6981bea8a7be6e09
      size: 2904
    - path: temp_data/X_train.csv
      hash: md5
      md5: 87689dddcbb5d259b728fb34f1a29547
      size: 11379
    - path: temp_data/y_test.csv
      hash: md5
      md5: 8265906015afcf9925770fff36645bab
      size: 129
    - path: temp_data/y_train.csv
      hash: md5
      md5: 5e8b09bd2511a9876b81482819bd809f
      size: 483
  preprocessing:
    cmd: python src/preprocess.py
    deps:
    - path: src/preprocess.py
      hash: md5
      md5: 153a78576a7a5408faa8cc5b380a2189
      size: 424
    - path: temp_data/X_test.csv
      hash: md5
      md5: 1a61946cb7b9721a6981bea8a7be6e09
      size: 2904
    - path: temp_data/X_train.csv
      hash: md5
      md5: 87689dddcbb5d259b728fb34f1a29547
      size: 11379
    outs:
    - path: temp_data/X_test_pre.csv
      hash: md5
      md5: 16df7b1ab86595119195b0a6ebd00d4a
      size: 6119
    - path: temp_data/X_train_pre.csv
      hash: md5
      md5: 4534ffe9bc720d2dfc01ae96994cb251
      size: 24179
  train:
    cmd: python src/train.py
    deps:
    - path: src/train.py
      hash: md5
      md5: 114fae75a25191a33a7cef5da99541d2
      size: 1610
    - path: temp_data/X_test_pre.csv
      hash: md5
      md5: 16df7b1ab86595119195b0a6ebd00d4a
      size: 6119
    - path: temp_data/X_train_pre.csv
      hash: md5
      md5: 4534ffe9bc720d2dfc01ae96994cb251
      size: 24179
    - path: temp_data/y_test.csv
      hash: md5
      md5: 8265906015afcf9925770fff36645bab
      size: 129
    - path: temp_data/y_train.csv
      hash: md5
      md5: 5e8b09bd2511a9876b81482819bd809f
      size: 483
    outs:
    - path: models/tfmodel.keras
      hash: md5
      md5: c662f280b34598dc284be3dd2a00c71c
      size: 587665
    - path: temp_data/metrics.json
      hash: md5
      md5: 6140a84125c104a9f70114e9138a24d9
      size: 83
